
Microsoft Visual Studio Solution File, Format Version 12.00
# Visual Studio 15
VisualStudioVersion = 15.0.27703.2035
MinimumVisualStudioVersion = 10.0.40219.1
Project("{9A19103F-16F7-4668-BE54-9A1E7A4F7556}") = "Akka-Batch", "Akka-Batch\Akka-Batch.csproj", "{9C8ED5A5-658F-4B54-9B86-4304D126DE6C}"
EndProject
Project("{FAE04EC0-301F-11D3-BF4B-00C04F79EFBC}") = "Akka-BatchTests", "Akka-BatchTests\Akka-BatchTests.csproj", "{87533514-1B89-4952-8B6D-1BDDEBC090C7}"
EndProject
Global
	GlobalSection(SolutionConfigurationPlatforms) = preSolution
		Debug|Any CPU = Debug|Any CPU
		Release|Any CPU = Release|Any CPU
	EndGlobalSection
	GlobalSection(ProjectConfigurationPlatforms) = postSolution
		{9C8ED5A5-658F-4B54-9B86-4304D126DE6C}.Debug|Any CPU.ActiveCfg = Debug|Any CPU
		{9C8ED5A5-658F-4B54-9B86-4304D126DE6C}.Debug|Any CPU.Build.0 = Debug|Any CPU
		{9C8ED5A5-658F-4B54-9B86-4304D126DE6C}.Release|Any CPU.ActiveCfg = Release|Any CPU
		{9C8ED5A5-658F-4B54-9B86-4304D126DE6C}.Release|Any CPU.Build.0 = Release|Any CPU
		{87533514-1B89-4952-8B6D-1BDDEBC090C7}.Debug|Any CPU.ActiveCfg = Debug|Any CPU
		{87533514-1B89-4952-8B6D-1BDDEBC090C7}.Debug|Any CPU.Build.0 = Debug|Any CPU
		{87533514-1B89-4952-8B6D-1BDDEBC090C7}.Release|Any CPU.ActiveCfg = Release|Any CPU
		{87533514-1B89-4952-8B6D-1BDDEBC090C7}.Release|Any CPU.Build.0 = Release|Any CPU
	EndGlobalSection
	GlobalSection(SolutionProperties) = preSolution
		HideSolutionNode = FALSE
	EndGlobalSection
	GlobalSection(ExtensibilityGlobals) = postSolution
		SolutionGuid = {44105FF9-52C3-4AC3-8AEB-8DF93F573C25}
	EndGlobalSection
EndGlobal
